
Microsoft Visual Studio Solution File, Format Version 12.00
# Visual Studio Version 16
VisualStudioVersion = 16.0.29709.97
MinimumVisualStudioVersion = 10.0.40219.1
Project("{9A19103F-16F7-4668-BE54-9A1E7A4F7556}") = "ASFLauncher", "ASF Planner\ASFLauncher.csproj", "{201BD686-933C-4ADD-9D48-790DF87085FE}"
EndProject
Project("{9A19103F-16F7-4668-BE54-9A1E7A4F7556}") = "VEntityFramework", "VEnitity\VEntityFramework.csproj", "{B744893D-B4D8-4587-B769-A096D2684DCF}"
EndProject
Project("{9A19103F-16F7-4668-BE54-9A1E7A4F7556}") = "VBusiness", "VBusiness\VBusiness.csproj", "{9AC76B63-546C-43A9-9676-4E144770587E}"
EndProject
Project("{9A19103F-16F7-4668-BE54-9A1E7A4F7556}") = "VUserInterface", "VUserInterface\VUserInterface.csproj", "{6F02BA14-DAEE-401F-81C0-AB6550BA5455}"
EndProject
Project("{9A19103F-16F7-4668-BE54-9A1E7A4F7556}") = "Tests", "Tests\Tests.csproj", "{8B7367FD-AE1D-450F-902F-0C8CF7A02496}"
EndProject
Project("{9A19103F-16F7-4668-BE54-9A1E7A4F7556}") = "StarCodeDecryptor", "StarCodeDecryptor\StarCodeDecryptor.csproj", "{9840E494-7314-4111-AB7F-4C496276C4E8}"
EndProject
Project("{54435603-DBB4-11D2-8724-00A0C9A8B90C}") = "Setup", "Setup\Setup.vdproj", "{80E9E79C-F6A6-4C1F-897A-C52864EF5411}"
EndProject
Global
	GlobalSection(SolutionConfigurationPlatforms) = preSolution
		Debug|Any CPU = Debug|Any CPU
		Debug|x86 = Debug|x86
		Release|Any CPU = Release|Any CPU
		Release|x86 = Release|x86
	EndGlobalSection
	GlobalSection(ProjectConfigurationPlatforms) = postSolution
		{201BD686-933C-4ADD-9D48-790DF87085FE}.Debug|Any CPU.ActiveCfg = Debug|Any CPU
		{201BD686-933C-4ADD-9D48-790DF87085FE}.Debug|Any CPU.Build.0 = Debug|Any CPU
		{201BD686-933C-4ADD-9D48-790DF87085FE}.Debug|x86.ActiveCfg = Debug|Any CPU
		{201BD686-933C-4ADD-9D48-790DF87085FE}.Debug|x86.Build.0 = Debug|Any CPU
		{201BD686-933C-4ADD-9D48-790DF87085FE}.Release|Any CPU.ActiveCfg = Release|Any CPU
		{201BD686-933C-4ADD-9D48-790DF87085FE}.Release|Any CPU.Build.0 = Release|Any CPU
		{201BD686-933C-4ADD-9D48-790DF87085FE}.Release|x86.ActiveCfg = Release|Any CPU
		{201BD686-933C-4ADD-9D48-790DF87085FE}.Release|x86.Build.0 = Release|Any CPU
		{B744893D-B4D8-4587-B769-A096D2684DCF}.Debug|Any CPU.ActiveCfg = Debug|Any CPU
		{B744893D-B4D8-4587-B769-A096D2684DCF}.Debug|Any CPU.Build.0 = Debug|Any CPU
		{B744893D-B4D8-4587-B769-A096D2684DCF}.Debug|x86.ActiveCfg = Debug|Any CPU
		{B744893D-B4D8-4587-B769-A096D2684DCF}.Debug|x86.Build.0 = Debug|Any CPU
		{B744893D-B4D8-4587-B769-A096D2684DCF}.Release|Any CPU.ActiveCfg = Release|Any CPU
		{B744893D-B4D8-4587-B769-A096D2684DCF}.Release|Any CPU.Build.0 = Release|Any CPU
		{B744893D-B4D8-4587-B769-A096D2684DCF}.Release|x86.ActiveCfg = Release|Any CPU
		{B744893D-B4D8-4587-B769-A096D2684DCF}.Release|x86.Build.0 = Release|Any CPU
		{9AC76B63-546C-43A9-9676-4E144770587E}.Debug|Any CPU.ActiveCfg = Debug|Any CPU
		{9AC76B63-546C-43A9-9676-4E144770587E}.Debug|Any CPU.Build.0 = Debug|Any CPU
		{9AC76B63-546C-43A9-9676-4E144770587E}.Debug|x86.ActiveCfg = Debug|Any CPU
		{9AC76B63-546C-43A9-9676-4E144770587E}.Debug|x86.Build.0 = Debug|Any CPU
		{9AC76B63-546C-43A9-9676-4E144770587E}.Release|Any CPU.ActiveCfg = Release|Any CPU
		{9AC76B63-546C-43A9-9676-4E144770587E}.Release|Any CPU.Build.0 = Release|Any CPU
		{9AC76B63-546C-43A9-9676-4E144770587E}.Release|x86.ActiveCfg = Release|Any CPU
		{9AC76B63-546C-43A9-9676-4E144770587E}.Release|x86.Build.0 = Release|Any CPU
		{6F02BA14-DAEE-401F-81C0-AB6550BA5455}.Debug|Any CPU.ActiveCfg = Debug|Any CPU
		{6F02BA14-DAEE-401F-81C0-AB6550BA5455}.Debug|Any CPU.Build.0 = Debug|Any CPU
		{6F02BA14-DAEE-401F-81C0-AB6550BA5455}.Debug|x86.ActiveCfg = Debug|Any CPU
		{6F02BA14-DAEE-401F-81C0-AB6550BA5455}.Debug|x86.Build.0 = Debug|Any CPU
		{6F02BA14-DAEE-401F-81C0-AB6550BA5455}.Release|Any CPU.ActiveCfg = Release|Any CPU
		{6F02BA14-DAEE-401F-81C0-AB6550BA5455}.Release|Any CPU.Build.0 = Release|Any CPU
		{6F02BA14-DAEE-401F-81C0-AB6550BA5455}.Release|x86.ActiveCfg = Release|Any CPU
		{6F02BA14-DAEE-401F-81C0-AB6550BA5455}.Release|x86.Build.0 = Release|Any CPU
		{8B7367FD-AE1D-450F-902F-0C8CF7A02496}.Debug|Any CPU.ActiveCfg = Debug|Any CPU
		{8B7367FD-AE1D-450F-902F-0C8CF7A02496}.Debug|Any CPU.Build.0 = Debug|Any CPU
		{8B7367FD-AE1D-450F-902F-0C8CF7A02496}.Debug|x86.ActiveCfg = Debug|Any CPU
		{8B7367FD-AE1D-450F-902F-0C8CF7A02496}.Debug|x86.Build.0 = Debug|Any CPU
		{8B7367FD-AE1D-450F-902F-0C8CF7A02496}.Release|Any CPU.ActiveCfg = Release|Any CPU
		{8B7367FD-AE1D-450F-902F-0C8CF7A02496}.Release|x86.ActiveCfg = Release|Any CPU
		{8B7367FD-AE1D-450F-902F-0C8CF7A02496}.Release|x86.Build.0 = Release|Any CPU
		{9840E494-7314-4111-AB7F-4C496276C4E8}.Debug|Any CPU.ActiveCfg = Debug|Any CPU
		{9840E494-7314-4111-AB7F-4C496276C4E8}.Debug|Any CPU.Build.0 = Debug|Any CPU
		{9840E494-7314-4111-AB7F-4C496276C4E8}.Debug|x86.ActiveCfg = Debug|Any CPU
		{9840E494-7314-4111-AB7F-4C496276C4E8}.Debug|x86.Build.0 = Debug|Any CPU
		{9840E494-7314-4111-AB7F-4C496276C4E8}.Release|Any CPU.ActiveCfg = Release|Any CPU
		{9840E494-7314-4111-AB7F-4C496276C4E8}.Release|Any CPU.Build.0 = Release|Any CPU
		{9840E494-7314-4111-AB7F-4C496276C4E8}.Release|x86.ActiveCfg = Release|Any CPU
		{9840E494-7314-4111-AB7F-4C496276C4E8}.Release|x86.Build.0 = Release|Any CPU
		{80E9E79C-F6A6-4C1F-897A-C52864EF5411}.Debug|Any CPU.ActiveCfg = Debug
		{80E9E79C-F6A6-4C1F-897A-C52864EF5411}.Debug|x86.ActiveCfg = Debug
		{80E9E79C-F6A6-4C1F-897A-C52864EF5411}.Release|Any CPU.ActiveCfg = Release
		{80E9E79C-F6A6-4C1F-897A-C52864EF5411}.Release|x86.ActiveCfg = Release
	EndGlobalSection
	GlobalSection(SolutionProperties) = preSolution
		HideSolutionNode = FALSE
	EndGlobalSection
	GlobalSection(ExtensibilityGlobals) = postSolution
		SolutionGuid = {6276C29F-9CDE-4FCC-9B9D-B0AD74ED12CA}
	EndGlobalSection
EndGlobal
